
Microsoft Visual Studio Solution File, Format Version 11.00
# Visual C# Express 2010
Project("{FAE04EC0-301F-11D3-BF4B-00C04F79EFBC}") = "Connect 4 3D", "Connect 4 3D\Connect 4 3D.csproj", "{705306D0-8353-4928-8354-9431CEB08523}"
EndProject
Global
	GlobalSection(SolutionConfigurationPlatforms) = preSolution
		Debug|x86 = Debug|x86
		Release|x86 = Release|x86
	EndGlobalSection
	GlobalSection(ProjectConfigurationPlatforms) = postSolution
		{705306D0-8353-4928-8354-9431CEB08523}.Debug|x86.ActiveCfg = Debug|x86
		{705306D0-8353-4928-8354-9431CEB08523}.Debug|x86.Build.0 = Debug|x86
		{705306D0-8353-4928-8354-9431CEB08523}.Release|x86.ActiveCfg = Release|x86
		{705306D0-8353-4928-8354-9431CEB08523}.Release|x86.Build.0 = Release|x86
	EndGlobalSection
	GlobalSection(SolutionProperties) = preSolution
		HideSolutionNode = FALSE
	EndGlobalSection
EndGlobal
